
Microsoft Visual Studio Solution File, Format Version 12.00
# Visual Studio Version 17
VisualStudioVersion = 17.13.35931.197
MinimumVisualStudioVersion = 10.0.40219.1
Project("{2150E333-8FDC-42A3-9474-1A3956D46DE8}") = "Bootstrapper", "Bootstrapper", "{02EA681E-C7D8-13C7-8484-4AC65E1B71E8}"
EndProject
Project("{2150E333-8FDC-42A3-9474-1A3956D46DE8}") = "Modules", "Modules", "{D5DCA9B7-9C4D-4B2F-98AA-47AAB92A340F}"
EndProject
Project("{2150E333-8FDC-42A3-9474-1A3956D46DE8}") = "Shared", "Shared", "{4928EA92-E312-4275-AC89-4409EB0D4F65}"
EndProject
Project("{FAE04EC0-301F-11D3-BF4B-00C04F79EFBC}") = "Api", "Bootstrapper\Api\Api.csproj", "{027CC5D3-2EC6-4215-B536-77BFFB65F5E1}"
EndProject
Project("{2150E333-8FDC-42A3-9474-1A3956D46DE8}") = "Basket", "Basket", "{27398095-6FB2-406E-AA9E-C91EA1188CE3}"
EndProject
Project("{2150E333-8FDC-42A3-9474-1A3956D46DE8}") = "Catalog", "Catalog", "{AE06149A-8764-40FA-A95C-CD833A17D0C1}"
EndProject
Project("{2150E333-8FDC-42A3-9474-1A3956D46DE8}") = "Ordering", "Ordering", "{2413BFB9-1DB6-4233-B073-DE86DB746210}"
EndProject
Project("{2150E333-8FDC-42A3-9474-1A3956D46DE8}") = "Shared.Contracts", "Shared.Contracts", "{7E49628B-784E-4DF0-B095-8E9C25D7DB64}"
EndProject
Project("{2150E333-8FDC-42A3-9474-1A3956D46DE8}") = "Shared.Messaging", "Shared.Messaging", "{51401E6B-0B12-4111-A42D-B891BAFBD73E}"
EndProject
Project("{2150E333-8FDC-42A3-9474-1A3956D46DE8}") = "Shared", "Shared", "{12F0AE50-8A8D-49B2-BCA3-5F2B06DE2428}"
EndProject
Project("{FAE04EC0-301F-11D3-BF4B-00C04F79EFBC}") = "Catalog", "Modules\Catalog\Catalog\Catalog.csproj", "{68239271-9C0A-4E88-9E3C-B9F333D0C74E}"
EndProject
Project("{FAE04EC0-301F-11D3-BF4B-00C04F79EFBC}") = "Basket", "Modules\Basket\Basket\Basket.csproj", "{88F5AE48-277B-4594-9F18-7301923A3826}"
EndProject
Project("{FAE04EC0-301F-11D3-BF4B-00C04F79EFBC}") = "Ordering", "Modules\Ordering\Ordering\Ordering.csproj", "{8BDC0BD6-F550-4C8C-98E0-CE6661109DC1}"
EndProject
Project("{FAE04EC0-301F-11D3-BF4B-00C04F79EFBC}") = "Shared", "Shared\Shared\Shared.csproj", "{63002D3D-21F4-4B01-811F-13043BD4A29D}"
EndProject
Project("{E53339B2-1760-4266-BCC7-CA923CBCF16C}") = "docker-compose", "docker-compose.dcproj", "{81DDED9D-158B-E303-5F62-77A2896D2A5A}"
EndProject
Project("{FAE04EC0-301F-11D3-BF4B-00C04F79EFBC}") = "Catalog.Contracts", "Modules\Catalog\Catalog.Contracts\Catalog.Contracts.csproj", "{513F5157-553D-421A-9BA0-E62C504DF772}"
EndProject
Project("{FAE04EC0-301F-11D3-BF4B-00C04F79EFBC}") = "Shared.Contracts", "Shared\Shared.Contracts\Shared.Contracts\Shared.Contracts.csproj", "{B19C3051-0C8B-47FC-83B3-1A527815CD0D}"
EndProject
Global
	GlobalSection(SolutionConfigurationPlatforms) = preSolution
		Debug|Any CPU = Debug|Any CPU
		Release|Any CPU = Release|Any CPU
	EndGlobalSection
	GlobalSection(ProjectConfigurationPlatforms) = postSolution
		{027CC5D3-2EC6-4215-B536-77BFFB65F5E1}.Debug|Any CPU.ActiveCfg = Debug|Any CPU
		{027CC5D3-2EC6-4215-B536-77BFFB65F5E1}.Debug|Any CPU.Build.0 = Debug|Any CPU
		{027CC5D3-2EC6-4215-B536-77BFFB65F5E1}.Release|Any CPU.ActiveCfg = Release|Any CPU
		{027CC5D3-2EC6-4215-B536-77BFFB65F5E1}.Release|Any CPU.Build.0 = Release|Any CPU
		{68239271-9C0A-4E88-9E3C-B9F333D0C74E}.Debug|Any CPU.ActiveCfg = Debug|Any CPU
		{68239271-9C0A-4E88-9E3C-B9F333D0C74E}.Debug|Any CPU.Build.0 = Debug|Any CPU
		{68239271-9C0A-4E88-9E3C-B9F333D0C74E}.Release|Any CPU.ActiveCfg = Release|Any CPU
		{68239271-9C0A-4E88-9E3C-B9F333D0C74E}.Release|Any CPU.Build.0 = Release|Any CPU
		{88F5AE48-277B-4594-9F18-7301923A3826}.Debug|Any CPU.ActiveCfg = Debug|Any CPU
		{88F5AE48-277B-4594-9F18-7301923A3826}.Debug|Any CPU.Build.0 = Debug|Any CPU
		{88F5AE48-277B-4594-9F18-7301923A3826}.Release|Any CPU.ActiveCfg = Release|Any CPU
		{88F5AE48-277B-4594-9F18-7301923A3826}.Release|Any CPU.Build.0 = Release|Any CPU
		{8BDC0BD6-F550-4C8C-98E0-CE6661109DC1}.Debug|Any CPU.ActiveCfg = Debug|Any CPU
		{8BDC0BD6-F550-4C8C-98E0-CE6661109DC1}.Debug|Any CPU.Build.0 = Debug|Any CPU
		{8BDC0BD6-F550-4C8C-98E0-CE6661109DC1}.Release|Any CPU.ActiveCfg = Release|Any CPU
		{8BDC0BD6-F550-4C8C-98E0-CE6661109DC1}.Release|Any CPU.Build.0 = Release|Any CPU
		{63002D3D-21F4-4B01-811F-13043BD4A29D}.Debug|Any CPU.ActiveCfg = Debug|Any CPU
		{63002D3D-21F4-4B01-811F-13043BD4A29D}.Debug|Any CPU.Build.0 = Debug|Any CPU
		{63002D3D-21F4-4B01-811F-13043BD4A29D}.Release|Any CPU.ActiveCfg = Release|Any CPU
		{63002D3D-21F4-4B01-811F-13043BD4A29D}.Release|Any CPU.Build.0 = Release|Any CPU
		{81DDED9D-158B-E303-5F62-77A2896D2A5A}.Debug|Any CPU.ActiveCfg = Debug|Any CPU
		{81DDED9D-158B-E303-5F62-77A2896D2A5A}.Debug|Any CPU.Build.0 = Debug|Any CPU
		{81DDED9D-158B-E303-5F62-77A2896D2A5A}.Release|Any CPU.ActiveCfg = Release|Any CPU
		{81DDED9D-158B-E303-5F62-77A2896D2A5A}.Release|Any CPU.Build.0 = Release|Any CPU
		{513F5157-553D-421A-9BA0-E62C504DF772}.Debug|Any CPU.ActiveCfg = Debug|Any CPU
		{513F5157-553D-421A-9BA0-E62C504DF772}.Debug|Any CPU.Build.0 = Debug|Any CPU
		{513F5157-553D-421A-9BA0-E62C504DF772}.Release|Any CPU.ActiveCfg = Release|Any CPU
		{513F5157-553D-421A-9BA0-E62C504DF772}.Release|Any CPU.Build.0 = Release|Any CPU
		{B19C3051-0C8B-47FC-83B3-1A527815CD0D}.Debug|Any CPU.ActiveCfg = Debug|Any CPU
		{B19C3051-0C8B-47FC-83B3-1A527815CD0D}.Debug|Any CPU.Build.0 = Debug|Any CPU
		{B19C3051-0C8B-47FC-83B3-1A527815CD0D}.Release|Any CPU.ActiveCfg = Release|Any CPU
		{B19C3051-0C8B-47FC-83B3-1A527815CD0D}.Release|Any CPU.Build.0 = Release|Any CPU
	EndGlobalSection
	GlobalSection(SolutionProperties) = preSolution
		HideSolutionNode = FALSE
	EndGlobalSection
	GlobalSection(NestedProjects) = preSolution
		{027CC5D3-2EC6-4215-B536-77BFFB65F5E1} = {02EA681E-C7D8-13C7-8484-4AC65E1B71E8}
		{27398095-6FB2-406E-AA9E-C91EA1188CE3} = {D5DCA9B7-9C4D-4B2F-98AA-47AAB92A340F}
		{AE06149A-8764-40FA-A95C-CD833A17D0C1} = {D5DCA9B7-9C4D-4B2F-98AA-47AAB92A340F}
		{2413BFB9-1DB6-4233-B073-DE86DB746210} = {D5DCA9B7-9C4D-4B2F-98AA-47AAB92A340F}
		{7E49628B-784E-4DF0-B095-8E9C25D7DB64} = {4928EA92-E312-4275-AC89-4409EB0D4F65}
		{51401E6B-0B12-4111-A42D-B891BAFBD73E} = {4928EA92-E312-4275-AC89-4409EB0D4F65}
		{12F0AE50-8A8D-49B2-BCA3-5F2B06DE2428} = {4928EA92-E312-4275-AC89-4409EB0D4F65}
		{68239271-9C0A-4E88-9E3C-B9F333D0C74E} = {AE06149A-8764-40FA-A95C-CD833A17D0C1}
		{88F5AE48-277B-4594-9F18-7301923A3826} = {27398095-6FB2-406E-AA9E-C91EA1188CE3}
		{8BDC0BD6-F550-4C8C-98E0-CE6661109DC1} = {2413BFB9-1DB6-4233-B073-DE86DB746210}
		{63002D3D-21F4-4B01-811F-13043BD4A29D} = {12F0AE50-8A8D-49B2-BCA3-5F2B06DE2428}
		{513F5157-553D-421A-9BA0-E62C504DF772} = {AE06149A-8764-40FA-A95C-CD833A17D0C1}
		{B19C3051-0C8B-47FC-83B3-1A527815CD0D} = {7E49628B-784E-4DF0-B095-8E9C25D7DB64}
	EndGlobalSection
	GlobalSection(ExtensibilityGlobals) = postSolution
		SolutionGuid = {69AAA6FF-4394-49B4-937C-B24D660C82F3}
	EndGlobalSection
EndGlobal
